
Microsoft Visual Studio Solution File, Format Version 12.00
# Visual Studio Version 17
VisualStudioVersion = 17.14.36310.24
MinimumVisualStudioVersion = 10.0.40219.1
Project("{FAE04EC0-301F-11D3-BF4B-00C04F79EFBC}") = "BrahmsLab.WinUi3App", "BrahmsLab.WinUi3App\BrahmsLab.WinUi3App.csproj", "{F83CC2AE-3956-4602-9DED-F960E2F827CC}"
EndProject
Project("{FAE04EC0-301F-11D3-BF4B-00C04F79EFBC}") = "Brahms.Api.Contracts", "..\..\..\iscwinform_brahmsapi\Brahms.Api.Contracts\Brahms.Api.Contracts.csproj", "{EFB88607-14B2-05BA-B85B-304EECCB5983}"
EndProject
Project("{FAE04EC0-301F-11D3-BF4B-00C04F79EFBC}") = "Brahms.Api.Client", "..\..\..\iscwinform_brahmsapi\Brahms.Api.Client\Brahms.Api.Client.csproj", "{3E4AFE64-061D-4A39-60A7-F489ADAAEE3F}"
EndProject
Project("{FAE04EC0-301F-11D3-BF4B-00C04F79EFBC}") = "BrahmsLab.Core", "..\BrahmsLab.Core\BrahmsLab.Core.csproj", "{5558C83F-F9F6-4427-8AED-133DDF452C78}"
EndProject
Project("{2150E333-8FDC-42A3-9474-1A3956D46DE8}") = "1 - Platform", "1 - Platform", "{02EA681E-C7D8-13C7-8484-4AC65E1B71E8}"
EndProject
Project("{2150E333-8FDC-42A3-9474-1A3956D46DE8}") = "2 - Application", "2 - Application", "{493DF787-27C0-4A4C-871F-03CC49648A8B}"
EndProject
Project("{2150E333-8FDC-42A3-9474-1A3956D46DE8}") = "3 - SDKs", "3 - SDKs", "{E190E68A-8D50-4C92-8D93-913D4836BC17}"
EndProject
Project("{2150E333-8FDC-42A3-9474-1A3956D46DE8}") = "4 - Shells", "4 - Shells", "{8B04F944-8C10-4C68-B3B8-71F9B6080976}"
EndProject
Project("{2150E333-8FDC-42A3-9474-1A3956D46DE8}") = "DataAccess", "DataAccess", "{7FBB6840-8B20-48BA-AAD9-46EE06C24168}"
EndProject
Project("{FAE04EC0-301F-11D3-BF4B-00C04F79EFBC}") = "BrahmsLab.DataAccess", "..\BrahmsLab.DataAccess\BrahmsLab.DataAccess.csproj", "{46AC5C10-F616-458A-884D-556443F89547}"
EndProject
Project("{2150E333-8FDC-42A3-9474-1A3956D46DE8}") = "Core", "Core", "{F72D1A66-3F79-407C-B4B6-9F1EAF916ABD}"
EndProject
Global
	GlobalSection(SolutionConfigurationPlatforms) = preSolution
		Debug|ARM64 = Debug|ARM64
		Debug|x64 = Debug|x64
		Debug|x86 = Debug|x86
		Release|ARM64 = Release|ARM64
		Release|x64 = Release|x64
		Release|x86 = Release|x86
	EndGlobalSection
	GlobalSection(ProjectConfigurationPlatforms) = postSolution
		{F83CC2AE-3956-4602-9DED-F960E2F827CC}.Debug|ARM64.ActiveCfg = Debug|ARM64
		{F83CC2AE-3956-4602-9DED-F960E2F827CC}.Debug|ARM64.Build.0 = Debug|ARM64
		{F83CC2AE-3956-4602-9DED-F960E2F827CC}.Debug|ARM64.Deploy.0 = Debug|ARM64
		{F83CC2AE-3956-4602-9DED-F960E2F827CC}.Debug|x64.ActiveCfg = Debug|x64
		{F83CC2AE-3956-4602-9DED-F960E2F827CC}.Debug|x64.Build.0 = Debug|x64
		{F83CC2AE-3956-4602-9DED-F960E2F827CC}.Debug|x64.Deploy.0 = Debug|x64
		{F83CC2AE-3956-4602-9DED-F960E2F827CC}.Debug|x86.ActiveCfg = Debug|x86
		{F83CC2AE-3956-4602-9DED-F960E2F827CC}.Debug|x86.Build.0 = Debug|x86
		{F83CC2AE-3956-4602-9DED-F960E2F827CC}.Debug|x86.Deploy.0 = Debug|x86
		{F83CC2AE-3956-4602-9DED-F960E2F827CC}.Release|ARM64.ActiveCfg = Release|ARM64
		{F83CC2AE-3956-4602-9DED-F960E2F827CC}.Release|ARM64.Build.0 = Release|ARM64
		{F83CC2AE-3956-4602-9DED-F960E2F827CC}.Release|ARM64.Deploy.0 = Release|ARM64
		{F83CC2AE-3956-4602-9DED-F960E2F827CC}.Release|x64.ActiveCfg = Release|x64
		{F83CC2AE-3956-4602-9DED-F960E2F827CC}.Release|x64.Build.0 = Release|x64
		{F83CC2AE-3956-4602-9DED-F960E2F827CC}.Release|x64.Deploy.0 = Release|x64
		{F83CC2AE-3956-4602-9DED-F960E2F827CC}.Release|x86.ActiveCfg = Release|x86
		{F83CC2AE-3956-4602-9DED-F960E2F827CC}.Release|x86.Build.0 = Release|x86
		{F83CC2AE-3956-4602-9DED-F960E2F827CC}.Release|x86.Deploy.0 = Release|x86
		{EFB88607-14B2-05BA-B85B-304EECCB5983}.Debug|ARM64.ActiveCfg = Debug|Any CPU
		{EFB88607-14B2-05BA-B85B-304EECCB5983}.Debug|ARM64.Build.0 = Debug|Any CPU
		{EFB88607-14B2-05BA-B85B-304EECCB5983}.Debug|x64.ActiveCfg = Debug|Any CPU
		{EFB88607-14B2-05BA-B85B-304EECCB5983}.Debug|x64.Build.0 = Debug|Any CPU
		{EFB88607-14B2-05BA-B85B-304EECCB5983}.Debug|x86.ActiveCfg = Debug|Any CPU
		{EFB88607-14B2-05BA-B85B-304EECCB5983}.Debug|x86.Build.0 = Debug|Any CPU
		{EFB88607-14B2-05BA-B85B-304EECCB5983}.Release|ARM64.ActiveCfg = Release|Any CPU
		{EFB88607-14B2-05BA-B85B-304EECCB5983}.Release|ARM64.Build.0 = Release|Any CPU
		{EFB88607-14B2-05BA-B85B-304EECCB5983}.Release|x64.ActiveCfg = Release|Any CPU
		{EFB88607-14B2-05BA-B85B-304EECCB5983}.Release|x64.Build.0 = Release|Any CPU
		{EFB88607-14B2-05BA-B85B-304EECCB5983}.Release|x86.ActiveCfg = Release|Any CPU
		{EFB88607-14B2-05BA-B85B-304EECCB5983}.Release|x86.Build.0 = Release|Any CPU
		{3E4AFE64-061D-4A39-60A7-F489ADAAEE3F}.Debug|ARM64.ActiveCfg = Debug|Any CPU
		{3E4AFE64-061D-4A39-60A7-F489ADAAEE3F}.Debug|ARM64.Build.0 = Debug|Any CPU
		{3E4AFE64-061D-4A39-60A7-F489ADAAEE3F}.Debug|x64.ActiveCfg = Debug|Any CPU
		{3E4AFE64-061D-4A39-60A7-F489ADAAEE3F}.Debug|x64.Build.0 = Debug|Any CPU
		{3E4AFE64-061D-4A39-60A7-F489ADAAEE3F}.Debug|x86.ActiveCfg = Debug|Any CPU
		{3E4AFE64-061D-4A39-60A7-F489ADAAEE3F}.Debug|x86.Build.0 = Debug|Any CPU
		{3E4AFE64-061D-4A39-60A7-F489ADAAEE3F}.Release|ARM64.ActiveCfg = Release|Any CPU
		{3E4AFE64-061D-4A39-60A7-F489ADAAEE3F}.Release|ARM64.Build.0 = Release|Any CPU
		{3E4AFE64-061D-4A39-60A7-F489ADAAEE3F}.Release|x64.ActiveCfg = Release|Any CPU
		{3E4AFE64-061D-4A39-60A7-F489ADAAEE3F}.Release|x64.Build.0 = Release|Any CPU
		{3E4AFE64-061D-4A39-60A7-F489ADAAEE3F}.Release|x86.ActiveCfg = Release|Any CPU
		{3E4AFE64-061D-4A39-60A7-F489ADAAEE3F}.Release|x86.Build.0 = Release|Any CPU
		{5558C83F-F9F6-4427-8AED-133DDF452C78}.Debug|ARM64.ActiveCfg = Debug|Any CPU
		{5558C83F-F9F6-4427-8AED-133DDF452C78}.Debug|ARM64.Build.0 = Debug|Any CPU
		{5558C83F-F9F6-4427-8AED-133DDF452C78}.Debug|x64.ActiveCfg = Debug|Any CPU
		{5558C83F-F9F6-4427-8AED-133DDF452C78}.Debug|x64.Build.0 = Debug|Any CPU
		{5558C83F-F9F6-4427-8AED-133DDF452C78}.Debug|x86.ActiveCfg = Debug|Any CPU
		{5558C83F-F9F6-4427-8AED-133DDF452C78}.Debug|x86.Build.0 = Debug|Any CPU
		{5558C83F-F9F6-4427-8AED-133DDF452C78}.Release|ARM64.ActiveCfg = Release|Any CPU
		{5558C83F-F9F6-4427-8AED-133DDF452C78}.Release|ARM64.Build.0 = Release|Any CPU
		{5558C83F-F9F6-4427-8AED-133DDF452C78}.Release|x64.ActiveCfg = Release|Any CPU
		{5558C83F-F9F6-4427-8AED-133DDF452C78}.Release|x64.Build.0 = Release|Any CPU
		{5558C83F-F9F6-4427-8AED-133DDF452C78}.Release|x86.ActiveCfg = Release|Any CPU
		{5558C83F-F9F6-4427-8AED-133DDF452C78}.Release|x86.Build.0 = Release|Any CPU
		{46AC5C10-F616-458A-884D-556443F89547}.Debug|ARM64.ActiveCfg = Debug|Any CPU
		{46AC5C10-F616-458A-884D-556443F89547}.Debug|ARM64.Build.0 = Debug|Any CPU
		{46AC5C10-F616-458A-884D-556443F89547}.Debug|x64.ActiveCfg = Debug|Any CPU
		{46AC5C10-F616-458A-884D-556443F89547}.Debug|x64.Build.0 = Debug|Any CPU
		{46AC5C10-F616-458A-884D-556443F89547}.Debug|x86.ActiveCfg = Debug|Any CPU
		{46AC5C10-F616-458A-884D-556443F89547}.Debug|x86.Build.0 = Debug|Any CPU
		{46AC5C10-F616-458A-884D-556443F89547}.Release|ARM64.ActiveCfg = Release|Any CPU
		{46AC5C10-F616-458A-884D-556443F89547}.Release|ARM64.Build.0 = Release|Any CPU
		{46AC5C10-F616-458A-884D-556443F89547}.Release|x64.ActiveCfg = Release|Any CPU
		{46AC5C10-F616-458A-884D-556443F89547}.Release|x64.Build.0 = Release|Any CPU
		{46AC5C10-F616-458A-884D-556443F89547}.Release|x86.ActiveCfg = Release|Any CPU
		{46AC5C10-F616-458A-884D-556443F89547}.Release|x86.Build.0 = Release|Any CPU
	EndGlobalSection
	GlobalSection(SolutionProperties) = preSolution
		HideSolutionNode = FALSE
	EndGlobalSection
	GlobalSection(NestedProjects) = preSolution
		{F83CC2AE-3956-4602-9DED-F960E2F827CC} = {8B04F944-8C10-4C68-B3B8-71F9B6080976}
		{EFB88607-14B2-05BA-B85B-304EECCB5983} = {02EA681E-C7D8-13C7-8484-4AC65E1B71E8}
		{3E4AFE64-061D-4A39-60A7-F489ADAAEE3F} = {E190E68A-8D50-4C92-8D93-913D4836BC17}
		{5558C83F-F9F6-4427-8AED-133DDF452C78} = {F72D1A66-3F79-407C-B4B6-9F1EAF916ABD}
		{7FBB6840-8B20-48BA-AAD9-46EE06C24168} = {493DF787-27C0-4A4C-871F-03CC49648A8B}
		{46AC5C10-F616-458A-884D-556443F89547} = {7FBB6840-8B20-48BA-AAD9-46EE06C24168}
		{F72D1A66-3F79-407C-B4B6-9F1EAF916ABD} = {493DF787-27C0-4A4C-871F-03CC49648A8B}
	EndGlobalSection
	GlobalSection(ExtensibilityGlobals) = postSolution
		SolutionGuid = {799AAFE9-5479-4071-B101-04F46FA05B9E}
	EndGlobalSection
EndGlobal
